// !$*UTF8*$!
{
	archiveVersion = 1;
	classes = {
	};
	objectVersion = 56;
	objects = {

/* Begin PBXBuildFile section */
		040161842C20991C00638BC5 /* GoogleSignIn in Frameworks */ = {isa = PBXBuildFile; productRef = 040161832C20991C00638BC5 /* GoogleSignIn */; };
		040161862C20991C00638BC5 /* GoogleSignInSwift in Frameworks */ = {isa = PBXBuildFile; productRef = 040161852C20991C00638BC5 /* GoogleSignInSwift */; };
		043AA07B2C0E3F290008E641 /* NewsApp.swift in Sources */ = {isa = PBXBuildFile; fileRef = 043AA07A2C0E3F290008E641 /* NewsApp.swift */; };
		043AA07D2C0E3F290008E641 /* ContentView.swift in Sources */ = {isa = PBXBuildFile; fileRef = 043AA07C2C0E3F290008E641 /* ContentView.swift */; };
		043AA07F2C0E3F2B0008E641 /* Assets.xcassets in Resources */ = {isa = PBXBuildFile; fileRef = 043AA07E2C0E3F2B0008E641 /* Assets.xcassets */; };
		043AA0822C0E3F2B0008E641 /* Preview Assets.xcassets in Resources */ = {isa = PBXBuildFile; fileRef = 043AA0812C0E3F2B0008E641 /* Preview Assets.xcassets */; };
		04A521EF2C1DF80B00FE8710 /* LoginViewModel.swift in Sources */ = {isa = PBXBuildFile; fileRef = 04A521EE2C1DF80B00FE8710 /* LoginViewModel.swift */; };
		04A521F12C1DFD2200FE8710 /* SignUpView.swift in Sources */ = {isa = PBXBuildFile; fileRef = 04A521F02C1DFD2200FE8710 /* SignUpView.swift */; };
		04A521F32C1E06E100FE8710 /* SignUpViewModel.swift in Sources */ = {isa = PBXBuildFile; fileRef = 04A521F22C1E06E100FE8710 /* SignUpViewModel.swift */; };
		04A521F82C1E108200FE8710 /* FirebaseAnalytics in Frameworks */ = {isa = PBXBuildFile; productRef = 04A521F72C1E108200FE8710 /* FirebaseAnalytics */; };
		04A521FA2C1E108200FE8710 /* FirebaseAnalyticsOnDeviceConversion in Frameworks */ = {isa = PBXBuildFile; productRef = 04A521F92C1E108200FE8710 /* FirebaseAnalyticsOnDeviceConversion */; };
		04A521FC2C1E108200FE8710 /* FirebaseAnalyticsSwift in Frameworks */ = {isa = PBXBuildFile; productRef = 04A521FB2C1E108200FE8710 /* FirebaseAnalyticsSwift */; };
		04A521FE2C1E108200FE8710 /* FirebaseAnalyticsWithoutAdIdSupport in Frameworks */ = {isa = PBXBuildFile; productRef = 04A521FD2C1E108200FE8710 /* FirebaseAnalyticsWithoutAdIdSupport */; };
		04A522002C1E108200FE8710 /* FirebaseAppCheck in Frameworks */ = {isa = PBXBuildFile; productRef = 04A521FF2C1E108200FE8710 /* FirebaseAppCheck */; };
		04A522022C1E108200FE8710 /* FirebaseAppDistribution-Beta in Frameworks */ = {isa = PBXBuildFile; productRef = 04A522012C1E108200FE8710 /* FirebaseAppDistribution-Beta */; };
		04A522042C1E108200FE8710 /* FirebaseAuth in Frameworks */ = {isa = PBXBuildFile; productRef = 04A522032C1E108200FE8710 /* FirebaseAuth */; };
		04A522062C1E108200FE8710 /* FirebaseAuthCombine-Community in Frameworks */ = {isa = PBXBuildFile; productRef = 04A522052C1E108200FE8710 /* FirebaseAuthCombine-Community */; };
		04A522082C1E108200FE8710 /* FirebaseCrashlytics in Frameworks */ = {isa = PBXBuildFile; productRef = 04A522072C1E108200FE8710 /* FirebaseCrashlytics */; };
		04A5220A2C1E108200FE8710 /* FirebaseDatabase in Frameworks */ = {isa = PBXBuildFile; productRef = 04A522092C1E108200FE8710 /* FirebaseDatabase */; };
		04A5220C2C1E108200FE8710 /* FirebaseDatabaseSwift in Frameworks */ = {isa = PBXBuildFile; productRef = 04A5220B2C1E108200FE8710 /* FirebaseDatabaseSwift */; };
		04A5220E2C1E108200FE8710 /* FirebaseDynamicLinks in Frameworks */ = {isa = PBXBuildFile; productRef = 04A5220D2C1E108200FE8710 /* FirebaseDynamicLinks */; };
		04A522102C1E108200FE8710 /* FirebaseFirestore in Frameworks */ = {isa = PBXBuildFile; productRef = 04A5220F2C1E108200FE8710 /* FirebaseFirestore */; };
		04A522122C1E108200FE8710 /* FirebaseFirestoreCombine-Community in Frameworks */ = {isa = PBXBuildFile; productRef = 04A522112C1E108200FE8710 /* FirebaseFirestoreCombine-Community */; };
		04A522142C1E108200FE8710 /* FirebaseFirestoreSwift in Frameworks */ = {isa = PBXBuildFile; productRef = 04A522132C1E108200FE8710 /* FirebaseFirestoreSwift */; };
		04A522162C1E108200FE8710 /* FirebaseFunctions in Frameworks */ = {isa = PBXBuildFile; productRef = 04A522152C1E108200FE8710 /* FirebaseFunctions */; };
		04A522182C1E108200FE8710 /* FirebaseFunctionsCombine-Community in Frameworks */ = {isa = PBXBuildFile; productRef = 04A522172C1E108200FE8710 /* FirebaseFunctionsCombine-Community */; };
		04A5221A2C1E108200FE8710 /* FirebaseInAppMessaging-Beta in Frameworks */ = {isa = PBXBuildFile; productRef = 04A522192C1E108200FE8710 /* FirebaseInAppMessaging-Beta */; };
		04A5221C2C1E108200FE8710 /* FirebaseInAppMessagingSwift-Beta in Frameworks */ = {isa = PBXBuildFile; productRef = 04A5221B2C1E108200FE8710 /* FirebaseInAppMessagingSwift-Beta */; };
		04A5221E2C1E108200FE8710 /* FirebaseInstallations in Frameworks */ = {isa = PBXBuildFile; productRef = 04A5221D2C1E108200FE8710 /* FirebaseInstallations */; };
		04A522202C1E108200FE8710 /* FirebaseMLModelDownloader in Frameworks */ = {isa = PBXBuildFile; productRef = 04A5221F2C1E108200FE8710 /* FirebaseMLModelDownloader */; };
		04A522222C1E108200FE8710 /* FirebaseMessaging in Frameworks */ = {isa = PBXBuildFile; productRef = 04A522212C1E108200FE8710 /* FirebaseMessaging */; };
		04A522242C1E108200FE8710 /* FirebasePerformance in Frameworks */ = {isa = PBXBuildFile; productRef = 04A522232C1E108200FE8710 /* FirebasePerformance */; };
		04A522262C1E108200FE8710 /* FirebaseRemoteConfig in Frameworks */ = {isa = PBXBuildFile; productRef = 04A522252C1E108200FE8710 /* FirebaseRemoteConfig */; };
		04A522282C1E108200FE8710 /* FirebaseRemoteConfigSwift in Frameworks */ = {isa = PBXBuildFile; productRef = 04A522272C1E108200FE8710 /* FirebaseRemoteConfigSwift */; };
		04A5222A2C1E108200FE8710 /* FirebaseStorage in Frameworks */ = {isa = PBXBuildFile; productRef = 04A522292C1E108200FE8710 /* FirebaseStorage */; };
		04A5222C2C1E108200FE8710 /* FirebaseStorageCombine-Community in Frameworks */ = {isa = PBXBuildFile; productRef = 04A5222B2C1E108200FE8710 /* FirebaseStorageCombine-Community */; };
		04A5222E2C1E108200FE8710 /* FirebaseVertexAI-Preview in Frameworks */ = {isa = PBXBuildFile; productRef = 04A5222D2C1E108200FE8710 /* FirebaseVertexAI-Preview */; };
		04A522302C1E113700FE8710 /* GoogleService-Info.plist in Resources */ = {isa = PBXBuildFile; fileRef = 04A5222F2C1E113700FE8710 /* GoogleService-Info.plist */; };
		04A522322C1E11E200FE8710 /* AppDelegate.swift in Sources */ = {isa = PBXBuildFile; fileRef = 04A522312C1E11E200FE8710 /* AppDelegate.swift */; };
		04A522352C1E136D00FE8710 /* AuthService.swift in Sources */ = {isa = PBXBuildFile; fileRef = 04A522342C1E136D00FE8710 /* AuthService.swift */; };
		04B4DF192C1F08B000EA41C7 /* UserDefaultsWrapper.swift in Sources */ = {isa = PBXBuildFile; fileRef = 04B4DF182C1F08B000EA41C7 /* UserDefaultsWrapper.swift */; };
		04B4DF1B2C1F136A00EA41C7 /* FirebaseAnalytics in Frameworks */ = {isa = PBXBuildFile; productRef = 04B4DF1A2C1F136A00EA41C7 /* FirebaseAnalytics */; };
		04B4DF1D2C1F136A00EA41C7 /* FirebaseAnalyticsOnDeviceConversion in Frameworks */ = {isa = PBXBuildFile; productRef = 04B4DF1C2C1F136A00EA41C7 /* FirebaseAnalyticsOnDeviceConversion */; };
		04B4DF1F2C1F136A00EA41C7 /* FirebaseAnalyticsSwift in Frameworks */ = {isa = PBXBuildFile; productRef = 04B4DF1E2C1F136A00EA41C7 /* FirebaseAnalyticsSwift */; };
		04B4DF212C1F136A00EA41C7 /* FirebaseAnalyticsWithoutAdIdSupport in Frameworks */ = {isa = PBXBuildFile; productRef = 04B4DF202C1F136A00EA41C7 /* FirebaseAnalyticsWithoutAdIdSupport */; };
		04B4DF232C1F136A00EA41C7 /* FirebaseAppCheck in Frameworks */ = {isa = PBXBuildFile; productRef = 04B4DF222C1F136A00EA41C7 /* FirebaseAppCheck */; };
		04B4DF252C1F139200EA41C7 /* FirebaseAnalytics in Frameworks */ = {isa = PBXBuildFile; productRef = 04B4DF242C1F139200EA41C7 /* FirebaseAnalytics */; };
		04B4DF272C1F139200EA41C7 /* FirebaseAnalyticsOnDeviceConversion in Frameworks */ = {isa = PBXBuildFile; productRef = 04B4DF262C1F139200EA41C7 /* FirebaseAnalyticsOnDeviceConversion */; };
		04B4DF292C1F139200EA41C7 /* FirebaseAnalyticsSwift in Frameworks */ = {isa = PBXBuildFile; productRef = 04B4DF282C1F139200EA41C7 /* FirebaseAnalyticsSwift */; };
		04B4DF2B2C1F139200EA41C7 /* FirebaseAnalyticsWithoutAdIdSupport in Frameworks */ = {isa = PBXBuildFile; productRef = 04B4DF2A2C1F139200EA41C7 /* FirebaseAnalyticsWithoutAdIdSupport */; };
		04B4DF2D2C1F139200EA41C7 /* FirebaseAppCheck in Frameworks */ = {isa = PBXBuildFile; productRef = 04B4DF2C2C1F139200EA41C7 /* FirebaseAppCheck */; };
		04B4DF2F2C1F139200EA41C7 /* FirebaseAppDistribution-Beta in Frameworks */ = {isa = PBXBuildFile; productRef = 04B4DF2E2C1F139200EA41C7 /* FirebaseAppDistribution-Beta */; };
		04B4DF312C1F139200EA41C7 /* FirebaseAuth in Frameworks */ = {isa = PBXBuildFile; productRef = 04B4DF302C1F139200EA41C7 /* FirebaseAuth */; };
		04B4DF332C1F139200EA41C7 /* FirebaseAuthCombine-Community in Frameworks */ = {isa = PBXBuildFile; productRef = 04B4DF322C1F139200EA41C7 /* FirebaseAuthCombine-Community */; };
		04B4DF352C1F139200EA41C7 /* FirebaseCrashlytics in Frameworks */ = {isa = PBXBuildFile; productRef = 04B4DF342C1F139200EA41C7 /* FirebaseCrashlytics */; };
		04B4DF372C1F139200EA41C7 /* FirebaseDatabase in Frameworks */ = {isa = PBXBuildFile; productRef = 04B4DF362C1F139200EA41C7 /* FirebaseDatabase */; };
		04B4DF392C1F139200EA41C7 /* FirebaseDatabaseSwift in Frameworks */ = {isa = PBXBuildFile; productRef = 04B4DF382C1F139200EA41C7 /* FirebaseDatabaseSwift */; };
		04B4DF3B2C1F139200EA41C7 /* FirebaseDynamicLinks in Frameworks */ = {isa = PBXBuildFile; productRef = 04B4DF3A2C1F139200EA41C7 /* FirebaseDynamicLinks */; };
		04B4DF3D2C1F139200EA41C7 /* FirebaseFirestore in Frameworks */ = {isa = PBXBuildFile; productRef = 04B4DF3C2C1F139200EA41C7 /* FirebaseFirestore */; };
		04B4DF3F2C1F139200EA41C7 /* FirebaseFirestoreCombine-Community in Frameworks */ = {isa = PBXBuildFile; productRef = 04B4DF3E2C1F139200EA41C7 /* FirebaseFirestoreCombine-Community */; };
		04B4DF412C1F139200EA41C7 /* FirebaseFirestoreSwift in Frameworks */ = {isa = PBXBuildFile; productRef = 04B4DF402C1F139200EA41C7 /* FirebaseFirestoreSwift */; };
		04B4DF432C1F139200EA41C7 /* FirebaseFunctions in Frameworks */ = {isa = PBXBuildFile; productRef = 04B4DF422C1F139200EA41C7 /* FirebaseFunctions */; };
		04B4DF452C1F139200EA41C7 /* FirebasePerformance in Frameworks */ = {isa = PBXBuildFile; productRef = 04B4DF442C1F139200EA41C7 /* FirebasePerformance */; };
		04B4DF472C1F139200EA41C7 /* FirebaseRemoteConfig in Frameworks */ = {isa = PBXBuildFile; productRef = 04B4DF462C1F139200EA41C7 /* FirebaseRemoteConfig */; };
		04B4DF492C1F139200EA41C7 /* FirebaseRemoteConfigSwift in Frameworks */ = {isa = PBXBuildFile; productRef = 04B4DF482C1F139200EA41C7 /* FirebaseRemoteConfigSwift */; };
		04B4DF4B2C1F139200EA41C7 /* FirebaseStorage in Frameworks */ = {isa = PBXBuildFile; productRef = 04B4DF4A2C1F139200EA41C7 /* FirebaseStorage */; };
		04B4DF4D2C1F139200EA41C7 /* FirebaseStorageCombine-Community in Frameworks */ = {isa = PBXBuildFile; productRef = 04B4DF4C2C1F139200EA41C7 /* FirebaseStorageCombine-Community */; };
		04B4DF4F2C1F139200EA41C7 /* FirebaseVertexAI-Preview in Frameworks */ = {isa = PBXBuildFile; productRef = 04B4DF4E2C1F139200EA41C7 /* FirebaseVertexAI-Preview */; };
		04ECD0212C1A220B001BB887 /* Localizable.xcstrings in Resources */ = {isa = PBXBuildFile; fileRef = 04ECD0202C1A220B001BB887 /* Localizable.xcstrings */; };
		04ECD0232C1A23B2001BB887 /* LoginView.swift in Sources */ = {isa = PBXBuildFile; fileRef = 04ECD0222C1A23B2001BB887 /* LoginView.swift */; };
		04ECD0272C1A242A001BB887 /* TextInput.swift in Sources */ = {isa = PBXBuildFile; fileRef = 04ECD0262C1A242A001BB887 /* TextInput.swift */; };
		04ECD0292C1A2DD2001BB887 /* SecuredTextInput.swift in Sources */ = {isa = PBXBuildFile; fileRef = 04ECD0282C1A2DD2001BB887 /* SecuredTextInput.swift */; };
		04ECD02B2C1A30ED001BB887 /* TextButton.swift in Sources */ = {isa = PBXBuildFile; fileRef = 04ECD02A2C1A30ED001BB887 /* TextButton.swift */; };
/* End PBXBuildFile section */

/* Begin PBXFileReference section */
		040161872C209CC100638BC5 /* Info.plist */ = {isa = PBXFileReference; lastKnownFileType = text.plist.xml; path = Info.plist; sourceTree = "<group>"; };
		043AA0772C0E3F290008E641 /* NewsApp.app */ = {isa = PBXFileReference; explicitFileType = wrapper.application; includeInIndex = 0; path = NewsApp.app; sourceTree = BUILT_PRODUCTS_DIR; };
		043AA07A2C0E3F290008E641 /* NewsApp.swift */ = {isa = PBXFileReference; lastKnownFileType = sourcecode.swift; path = NewsApp.swift; sourceTree = "<group>"; };
		043AA07C2C0E3F290008E641 /* ContentView.swift */ = {isa = PBXFileReference; lastKnownFileType = sourcecode.swift; path = ContentView.swift; sourceTree = "<group>"; };
		043AA07E2C0E3F2B0008E641 /* Assets.xcassets */ = {isa = PBXFileReference; lastKnownFileType = folder.assetcatalog; path = Assets.xcassets; sourceTree = "<group>"; };
		043AA0812C0E3F2B0008E641 /* Preview Assets.xcassets */ = {isa = PBXFileReference; lastKnownFileType = folder.assetcatalog; path = "Preview Assets.xcassets"; sourceTree = "<group>"; };
		04A521EE2C1DF80B00FE8710 /* LoginViewModel.swift */ = {isa = PBXFileReference; lastKnownFileType = sourcecode.swift; path = LoginViewModel.swift; sourceTree = "<group>"; };
		04A521F02C1DFD2200FE8710 /* SignUpView.swift */ = {isa = PBXFileReference; lastKnownFileType = sourcecode.swift; path = SignUpView.swift; sourceTree = "<group>"; };
		04A521F22C1E06E100FE8710 /* SignUpViewModel.swift */ = {isa = PBXFileReference; lastKnownFileType = sourcecode.swift; path = SignUpViewModel.swift; sourceTree = "<group>"; };
		04A5222F2C1E113700FE8710 /* GoogleService-Info.plist */ = {isa = PBXFileReference; fileEncoding = 4; lastKnownFileType = text.plist.xml; path = "GoogleService-Info.plist"; sourceTree = "<group>"; };
		04A522312C1E11E200FE8710 /* AppDelegate.swift */ = {isa = PBXFileReference; lastKnownFileType = sourcecode.swift; path = AppDelegate.swift; sourceTree = "<group>"; };
		04A522342C1E136D00FE8710 /* AuthService.swift */ = {isa = PBXFileReference; lastKnownFileType = sourcecode.swift; path = AuthService.swift; sourceTree = "<group>"; };
		04B4DF182C1F08B000EA41C7 /* UserDefaultsWrapper.swift */ = {isa = PBXFileReference; lastKnownFileType = sourcecode.swift; path = UserDefaultsWrapper.swift; sourceTree = "<group>"; };
		04ECD0202C1A220B001BB887 /* Localizable.xcstrings */ = {isa = PBXFileReference; lastKnownFileType = text.json.xcstrings; path = Localizable.xcstrings; sourceTree = "<group>"; };
		04ECD0222C1A23B2001BB887 /* LoginView.swift */ = {isa = PBXFileReference; lastKnownFileType = sourcecode.swift; path = LoginView.swift; sourceTree = "<group>"; };
		04ECD0262C1A242A001BB887 /* TextInput.swift */ = {isa = PBXFileReference; lastKnownFileType = sourcecode.swift; path = TextInput.swift; sourceTree = "<group>"; };
		04ECD0282C1A2DD2001BB887 /* SecuredTextInput.swift */ = {isa = PBXFileReference; lastKnownFileType = sourcecode.swift; path = SecuredTextInput.swift; sourceTree = "<group>"; };
		04ECD02A2C1A30ED001BB887 /* TextButton.swift */ = {isa = PBXFileReference; lastKnownFileType = sourcecode.swift; path = TextButton.swift; sourceTree = "<group>"; };
/* End PBXFileReference section */

/* Begin PBXFrameworksBuildPhase section */
		043AA0742C0E3F290008E641 /* Frameworks */ = {
			isa = PBXFrameworksBuildPhase;
			buildActionMask = 2147483647;
			files = (
				040161862C20991C00638BC5 /* GoogleSignInSwift in Frameworks */,
				04B4DF2D2C1F139200EA41C7 /* FirebaseAppCheck in Frameworks */,
				04B4DF292C1F139200EA41C7 /* FirebaseAnalyticsSwift in Frameworks */,
				04A5220A2C1E108200FE8710 /* FirebaseDatabase in Frameworks */,
				04B4DF352C1F139200EA41C7 /* FirebaseCrashlytics in Frameworks */,
				04A522182C1E108200FE8710 /* FirebaseFunctionsCombine-Community in Frameworks */,
				04A522102C1E108200FE8710 /* FirebaseFirestore in Frameworks */,
				04A521FC2C1E108200FE8710 /* FirebaseAnalyticsSwift in Frameworks */,
				04A521F82C1E108200FE8710 /* FirebaseAnalytics in Frameworks */,
				04B4DF392C1F139200EA41C7 /* FirebaseDatabaseSwift in Frameworks */,
				04A521FA2C1E108200FE8710 /* FirebaseAnalyticsOnDeviceConversion in Frameworks */,
				04B4DF252C1F139200EA41C7 /* FirebaseAnalytics in Frameworks */,
				04B4DF372C1F139200EA41C7 /* FirebaseDatabase in Frameworks */,
				04B4DF1F2C1F136A00EA41C7 /* FirebaseAnalyticsSwift in Frameworks */,
				04B4DF212C1F136A00EA41C7 /* FirebaseAnalyticsWithoutAdIdSupport in Frameworks */,
				04B4DF3B2C1F139200EA41C7 /* FirebaseDynamicLinks in Frameworks */,
				04B4DF432C1F139200EA41C7 /* FirebaseFunctions in Frameworks */,
				04B4DF4D2C1F139200EA41C7 /* FirebaseStorageCombine-Community in Frameworks */,
				04B4DF3D2C1F139200EA41C7 /* FirebaseFirestore in Frameworks */,
				04A522202C1E108200FE8710 /* FirebaseMLModelDownloader in Frameworks */,
				04B4DF332C1F139200EA41C7 /* FirebaseAuthCombine-Community in Frameworks */,
				04B4DF4F2C1F139200EA41C7 /* FirebaseVertexAI-Preview in Frameworks */,
				04B4DF1D2C1F136A00EA41C7 /* FirebaseAnalyticsOnDeviceConversion in Frameworks */,
				04B4DF232C1F136A00EA41C7 /* FirebaseAppCheck in Frameworks */,
				04B4DF472C1F139200EA41C7 /* FirebaseRemoteConfig in Frameworks */,
				04A522142C1E108200FE8710 /* FirebaseFirestoreSwift in Frameworks */,
				04B4DF2B2C1F139200EA41C7 /* FirebaseAnalyticsWithoutAdIdSupport in Frameworks */,
				04B4DF4B2C1F139200EA41C7 /* FirebaseStorage in Frameworks */,
				04A522002C1E108200FE8710 /* FirebaseAppCheck in Frameworks */,
				04B4DF492C1F139200EA41C7 /* FirebaseRemoteConfigSwift in Frameworks */,
				04B4DF412C1F139200EA41C7 /* FirebaseFirestoreSwift in Frameworks */,
				04A521FE2C1E108200FE8710 /* FirebaseAnalyticsWithoutAdIdSupport in Frameworks */,
				04A522042C1E108200FE8710 /* FirebaseAuth in Frameworks */,
				04A522082C1E108200FE8710 /* FirebaseCrashlytics in Frameworks */,
				04B4DF272C1F139200EA41C7 /* FirebaseAnalyticsOnDeviceConversion in Frameworks */,
				04A522282C1E108200FE8710 /* FirebaseRemoteConfigSwift in Frameworks */,
				04A5221A2C1E108200FE8710 /* FirebaseInAppMessaging-Beta in Frameworks */,
				04A5220C2C1E108200FE8710 /* FirebaseDatabaseSwift in Frameworks */,
				04A522162C1E108200FE8710 /* FirebaseFunctions in Frameworks */,
				04A5222C2C1E108200FE8710 /* FirebaseStorageCombine-Community in Frameworks */,
				04A522262C1E108200FE8710 /* FirebaseRemoteConfig in Frameworks */,
				04A522022C1E108200FE8710 /* FirebaseAppDistribution-Beta in Frameworks */,
				040161842C20991C00638BC5 /* GoogleSignIn in Frameworks */,
				04B4DF3F2C1F139200EA41C7 /* FirebaseFirestoreCombine-Community in Frameworks */,
				04A522062C1E108200FE8710 /* FirebaseAuthCombine-Community in Frameworks */,
				04B4DF2F2C1F139200EA41C7 /* FirebaseAppDistribution-Beta in Frameworks */,
				04A522242C1E108200FE8710 /* FirebasePerformance in Frameworks */,
				04B4DF312C1F139200EA41C7 /* FirebaseAuth in Frameworks */,
				04A5221C2C1E108200FE8710 /* FirebaseInAppMessagingSwift-Beta in Frameworks */,
				04B4DF452C1F139200EA41C7 /* FirebasePerformance in Frameworks */,
				04A5222A2C1E108200FE8710 /* FirebaseStorage in Frameworks */,
				04A5220E2C1E108200FE8710 /* FirebaseDynamicLinks in Frameworks */,
				04A5222E2C1E108200FE8710 /* FirebaseVertexAI-Preview in Frameworks */,
				04A522122C1E108200FE8710 /* FirebaseFirestoreCombine-Community in Frameworks */,
				04A522222C1E108200FE8710 /* FirebaseMessaging in Frameworks */,
				04B4DF1B2C1F136A00EA41C7 /* FirebaseAnalytics in Frameworks */,
				04A5221E2C1E108200FE8710 /* FirebaseInstallations in Frameworks */,
			);
			runOnlyForDeploymentPostprocessing = 0;
		};
/* End PBXFrameworksBuildPhase section */

/* Begin PBXGroup section */
		043AA06E2C0E3F290008E641 = {
			isa = PBXGroup;
			children = (
				043AA0792C0E3F290008E641 /* NewsApp */,
				043AA0782C0E3F290008E641 /* Products */,
			);
			sourceTree = "<group>";
		};
		043AA0782C0E3F290008E641 /* Products */ = {
			isa = PBXGroup;
			children = (
				043AA0772C0E3F290008E641 /* NewsApp.app */,
			);
			name = Products;
			sourceTree = "<group>";
		};
		043AA0792C0E3F290008E641 /* NewsApp */ = {
			isa = PBXGroup;
			children = (
				04B4DF172C1F079D00EA41C7 /* Utils */,
				04A522332C1E135D00FE8710 /* Services */,
				04ECD0252C1A2412001BB887 /* Components */,
				04ECD0242C1A23F4001BB887 /* ViewModel */,
				043AA0892C0E3F740008E641 /* Views */,
				043AA0882C0E3F400008E641 /* App */,
				043AA0802C0E3F2B0008E641 /* Preview Content */,
			);
			path = NewsApp;
			sourceTree = "<group>";
		};
		043AA0802C0E3F2B0008E641 /* Preview Content */ = {
			isa = PBXGroup;
			children = (
				043AA0812C0E3F2B0008E641 /* Preview Assets.xcassets */,
			);
			path = "Preview Content";
			sourceTree = "<group>";
		};
		043AA0882C0E3F400008E641 /* App */ = {
			isa = PBXGroup;
			children = (
				043AA07E2C0E3F2B0008E641 /* Assets.xcassets */,
				04A5222F2C1E113700FE8710 /* GoogleService-Info.plist */,
				043AA07A2C0E3F290008E641 /* NewsApp.swift */,
				04A522312C1E11E200FE8710 /* AppDelegate.swift */,
				04ECD0202C1A220B001BB887 /* Localizable.xcstrings */,
				040161872C209CC100638BC5 /* Info.plist */,
			);
			path = App;
			sourceTree = "<group>";
		};
		043AA0892C0E3F740008E641 /* Views */ = {
			isa = PBXGroup;
			children = (
				043AA07C2C0E3F290008E641 /* ContentView.swift */,
				04ECD0222C1A23B2001BB887 /* LoginView.swift */,
				04A521F02C1DFD2200FE8710 /* SignUpView.swift */,
			);
			path = Views;
			sourceTree = "<group>";
		};
		04A522332C1E135D00FE8710 /* Services */ = {
			isa = PBXGroup;
			children = (
				04A522342C1E136D00FE8710 /* AuthService.swift */,
			);
			path = Services;
			sourceTree = "<group>";
		};
		04B4DF172C1F079D00EA41C7 /* Utils */ = {
			isa = PBXGroup;
			children = (
				04B4DF182C1F08B000EA41C7 /* UserDefaultsWrapper.swift */,
			);
			path = Utils;
			sourceTree = "<group>";
		};
		04ECD0242C1A23F4001BB887 /* ViewModel */ = {
			isa = PBXGroup;
			children = (
				04A521EE2C1DF80B00FE8710 /* LoginViewModel.swift */,
				04A521F22C1E06E100FE8710 /* SignUpViewModel.swift */,
			);
			path = ViewModel;
			sourceTree = "<group>";
		};
		04ECD0252C1A2412001BB887 /* Components */ = {
			isa = PBXGroup;
			children = (
				04ECD0262C1A242A001BB887 /* TextInput.swift */,
				04ECD02A2C1A30ED001BB887 /* TextButton.swift */,
				04ECD0282C1A2DD2001BB887 /* SecuredTextInput.swift */,
			);
			path = Components;
			sourceTree = "<group>";
		};
/* End PBXGroup section */

/* Begin PBXNativeTarget section */
		043AA0762C0E3F290008E641 /* NewsApp */ = {
			isa = PBXNativeTarget;
			buildConfigurationList = 043AA0852C0E3F2B0008E641 /* Build configuration list for PBXNativeTarget "NewsApp" */;
			buildPhases = (
				043AA0732C0E3F290008E641 /* Sources */,
				043AA0742C0E3F290008E641 /* Frameworks */,
				043AA0752C0E3F290008E641 /* Resources */,
			);
			buildRules = (
			);
			dependencies = (
			);
			name = NewsApp;
			packageProductDependencies = (
				04A521F72C1E108200FE8710 /* FirebaseAnalytics */,
				04A521F92C1E108200FE8710 /* FirebaseAnalyticsOnDeviceConversion */,
				04A521FB2C1E108200FE8710 /* FirebaseAnalyticsSwift */,
				04A521FD2C1E108200FE8710 /* FirebaseAnalyticsWithoutAdIdSupport */,
				04A521FF2C1E108200FE8710 /* FirebaseAppCheck */,
				04A522012C1E108200FE8710 /* FirebaseAppDistribution-Beta */,
				04A522032C1E108200FE8710 /* FirebaseAuth */,
				04A522052C1E108200FE8710 /* FirebaseAuthCombine-Community */,
				04A522072C1E108200FE8710 /* FirebaseCrashlytics */,
				04A522092C1E108200FE8710 /* FirebaseDatabase */,
				04A5220B2C1E108200FE8710 /* FirebaseDatabaseSwift */,
				04A5220D2C1E108200FE8710 /* FirebaseDynamicLinks */,
				04A5220F2C1E108200FE8710 /* FirebaseFirestore */,
				04A522112C1E108200FE8710 /* FirebaseFirestoreCombine-Community */,
				04A522132C1E108200FE8710 /* FirebaseFirestoreSwift */,
				04A522152C1E108200FE8710 /* FirebaseFunctions */,
				04A522172C1E108200FE8710 /* FirebaseFunctionsCombine-Community */,
				04A522192C1E108200FE8710 /* FirebaseInAppMessaging-Beta */,
				04A5221B2C1E108200FE8710 /* FirebaseInAppMessagingSwift-Beta */,
				04A5221D2C1E108200FE8710 /* FirebaseInstallations */,
				04A5221F2C1E108200FE8710 /* FirebaseMLModelDownloader */,
				04A522212C1E108200FE8710 /* FirebaseMessaging */,
				04A522232C1E108200FE8710 /* FirebasePerformance */,
				04A522252C1E108200FE8710 /* FirebaseRemoteConfig */,
				04A522272C1E108200FE8710 /* FirebaseRemoteConfigSwift */,
				04A522292C1E108200FE8710 /* FirebaseStorage */,
				04A5222B2C1E108200FE8710 /* FirebaseStorageCombine-Community */,
				04A5222D2C1E108200FE8710 /* FirebaseVertexAI-Preview */,
				04B4DF1A2C1F136A00EA41C7 /* FirebaseAnalytics */,
				04B4DF1C2C1F136A00EA41C7 /* FirebaseAnalyticsOnDeviceConversion */,
				04B4DF1E2C1F136A00EA41C7 /* FirebaseAnalyticsSwift */,
				04B4DF202C1F136A00EA41C7 /* FirebaseAnalyticsWithoutAdIdSupport */,
				04B4DF222C1F136A00EA41C7 /* FirebaseAppCheck */,
				04B4DF242C1F139200EA41C7 /* FirebaseAnalytics */,
				04B4DF262C1F139200EA41C7 /* FirebaseAnalyticsOnDeviceConversion */,
				04B4DF282C1F139200EA41C7 /* FirebaseAnalyticsSwift */,
				04B4DF2A2C1F139200EA41C7 /* FirebaseAnalyticsWithoutAdIdSupport */,
				04B4DF2C2C1F139200EA41C7 /* FirebaseAppCheck */,
				04B4DF2E2C1F139200EA41C7 /* FirebaseAppDistribution-Beta */,
				04B4DF302C1F139200EA41C7 /* FirebaseAuth */,
				04B4DF322C1F139200EA41C7 /* FirebaseAuthCombine-Community */,
				04B4DF342C1F139200EA41C7 /* FirebaseCrashlytics */,
				04B4DF362C1F139200EA41C7 /* FirebaseDatabase */,
				04B4DF382C1F139200EA41C7 /* FirebaseDatabaseSwift */,
				04B4DF3A2C1F139200EA41C7 /* FirebaseDynamicLinks */,
				04B4DF3C2C1F139200EA41C7 /* FirebaseFirestore */,
				04B4DF3E2C1F139200EA41C7 /* FirebaseFirestoreCombine-Community */,
				04B4DF402C1F139200EA41C7 /* FirebaseFirestoreSwift */,
				04B4DF422C1F139200EA41C7 /* FirebaseFunctions */,
				04B4DF442C1F139200EA41C7 /* FirebasePerformance */,
				04B4DF462C1F139200EA41C7 /* FirebaseRemoteConfig */,
				04B4DF482C1F139200EA41C7 /* FirebaseRemoteConfigSwift */,
				04B4DF4A2C1F139200EA41C7 /* FirebaseStorage */,
				04B4DF4C2C1F139200EA41C7 /* FirebaseStorageCombine-Community */,
				04B4DF4E2C1F139200EA41C7 /* FirebaseVertexAI-Preview */,
				040161832C20991C00638BC5 /* GoogleSignIn */,
				040161852C20991C00638BC5 /* GoogleSignInSwift */,
			);
			productName = NewsApp;
			productReference = 043AA0772C0E3F290008E641 /* NewsApp.app */;
			productType = "com.apple.product-type.application";
		};
/* End PBXNativeTarget section */

/* Begin PBXProject section */
		043AA06F2C0E3F290008E641 /* Project object */ = {
			isa = PBXProject;
			attributes = {
				BuildIndependentTargetsInParallel = 1;
				LastSwiftUpdateCheck = 1500;
				LastUpgradeCheck = 1500;
				TargetAttributes = {
					043AA0762C0E3F290008E641 = {
						CreatedOnToolsVersion = 15.0.1;
					};
				};
			};
			buildConfigurationList = 043AA0722C0E3F290008E641 /* Build configuration list for PBXProject "NewsApp" */;
			compatibilityVersion = "Xcode 14.0";
			developmentRegion = en;
			hasScannedForEncodings = 0;
			knownRegions = (
				en,
				Base,
				ru,
			);
			mainGroup = 043AA06E2C0E3F290008E641;
			packageReferences = (
				04A521F62C1E108200FE8710 /* XCRemoteSwiftPackageReference "firebase-ios-sdk" */,
				040161822C20991C00638BC5 /* XCRemoteSwiftPackageReference "GoogleSignIn-iOS" */,
			);
			productRefGroup = 043AA0782C0E3F290008E641 /* Products */;
			projectDirPath = "";
			projectRoot = "";
			targets = (
				043AA0762C0E3F290008E641 /* NewsApp */,
			);
		};
/* End PBXProject section */

/* Begin PBXResourcesBuildPhase section */
		043AA0752C0E3F290008E641 /* Resources */ = {
			isa = PBXResourcesBuildPhase;
			buildActionMask = 2147483647;
			files = (
				043AA0822C0E3F2B0008E641 /* Preview Assets.xcassets in Resources */,
				04A522302C1E113700FE8710 /* GoogleService-Info.plist in Resources */,
				043AA07F2C0E3F2B0008E641 /* Assets.xcassets in Resources */,
				04ECD0212C1A220B001BB887 /* Localizable.xcstrings in Resources */,
			);
			runOnlyForDeploymentPostprocessing = 0;
		};
/* End PBXResourcesBuildPhase section */

/* Begin PBXSourcesBuildPhase section */
		043AA0732C0E3F290008E641 /* Sources */ = {
			isa = PBXSourcesBuildPhase;
			buildActionMask = 2147483647;
			files = (
				04ECD0232C1A23B2001BB887 /* LoginView.swift in Sources */,
				04ECD02B2C1A30ED001BB887 /* TextButton.swift in Sources */,
				04ECD0292C1A2DD2001BB887 /* SecuredTextInput.swift in Sources */,
				043AA07D2C0E3F290008E641 /* ContentView.swift in Sources */,
				04B4DF192C1F08B000EA41C7 /* UserDefaultsWrapper.swift in Sources */,
				04A521F32C1E06E100FE8710 /* SignUpViewModel.swift in Sources */,
				04A522352C1E136D00FE8710 /* AuthService.swift in Sources */,
				04A521F12C1DFD2200FE8710 /* SignUpView.swift in Sources */,
				043AA07B2C0E3F290008E641 /* NewsApp.swift in Sources */,
				04ECD0272C1A242A001BB887 /* TextInput.swift in Sources */,
				04A522322C1E11E200FE8710 /* AppDelegate.swift in Sources */,
				04A521EF2C1DF80B00FE8710 /* LoginViewModel.swift in Sources */,
			);
			runOnlyForDeploymentPostprocessing = 0;
		};
/* End PBXSourcesBuildPhase section */

/* Begin XCBuildConfiguration section */
		043AA0832C0E3F2B0008E641 /* Debug */ = {
			isa = XCBuildConfiguration;
			buildSettings = {
				ALWAYS_SEARCH_USER_PATHS = NO;
				ASSETCATALOG_COMPILER_GENERATE_SWIFT_ASSET_SYMBOL_EXTENSIONS = YES;
				CLANG_ANALYZER_NONNULL = YES;
				CLANG_ANALYZER_NUMBER_OBJECT_CONVERSION = YES_AGGRESSIVE;
				CLANG_CXX_LANGUAGE_STANDARD = "gnu++20";
				CLANG_ENABLE_MODULES = YES;
				CLANG_ENABLE_OBJC_ARC = YES;
				CLANG_ENABLE_OBJC_WEAK = YES;
				CLANG_WARN_BLOCK_CAPTURE_AUTORELEASING = YES;
				CLANG_WARN_BOOL_CONVERSION = YES;
				CLANG_WARN_COMMA = YES;
				CLANG_WARN_CONSTANT_CONVERSION = YES;
				CLANG_WARN_DEPRECATED_OBJC_IMPLEMENTATIONS = YES;
				CLANG_WARN_DIRECT_OBJC_ISA_USAGE = YES_ERROR;
				CLANG_WARN_DOCUMENTATION_COMMENTS = YES;
				CLANG_WARN_EMPTY_BODY = YES;
				CLANG_WARN_ENUM_CONVERSION = YES;
				CLANG_WARN_INFINITE_RECURSION = YES;
				CLANG_WARN_INT_CONVERSION = YES;
				CLANG_WARN_NON_LITERAL_NULL_CONVERSION = YES;
				CLANG_WARN_OBJC_IMPLICIT_RETAIN_SELF = YES;
				CLANG_WARN_OBJC_LITERAL_CONVERSION = YES;
				CLANG_WARN_OBJC_ROOT_CLASS = YES_ERROR;
				CLANG_WARN_QUOTED_INCLUDE_IN_FRAMEWORK_HEADER = YES;
				CLANG_WARN_RANGE_LOOP_ANALYSIS = YES;
				CLANG_WARN_STRICT_PROTOTYPES = YES;
				CLANG_WARN_SUSPICIOUS_MOVE = YES;
				CLANG_WARN_UNGUARDED_AVAILABILITY = YES_AGGRESSIVE;
				CLANG_WARN_UNREACHABLE_CODE = YES;
				CLANG_WARN__DUPLICATE_METHOD_MATCH = YES;
				COPY_PHASE_STRIP = NO;
				DEBUG_INFORMATION_FORMAT = dwarf;
				ENABLE_STRICT_OBJC_MSGSEND = YES;
				ENABLE_TESTABILITY = YES;
				ENABLE_USER_SCRIPT_SANDBOXING = YES;
				GCC_C_LANGUAGE_STANDARD = gnu17;
				GCC_DYNAMIC_NO_PIC = NO;
				GCC_NO_COMMON_BLOCKS = YES;
				GCC_OPTIMIZATION_LEVEL = 0;
				GCC_PREPROCESSOR_DEFINITIONS = (
					"DEBUG=1",
					"$(inherited)",
				);
				GCC_WARN_64_TO_32_BIT_CONVERSION = YES;
				GCC_WARN_ABOUT_RETURN_TYPE = YES_ERROR;
				GCC_WARN_UNDECLARED_SELECTOR = YES;
				GCC_WARN_UNINITIALIZED_AUTOS = YES_AGGRESSIVE;
				GCC_WARN_UNUSED_FUNCTION = YES;
				GCC_WARN_UNUSED_VARIABLE = YES;
				IPHONEOS_DEPLOYMENT_TARGET = 17.0;
				LOCALIZATION_PREFERS_STRING_CATALOGS = YES;
				MTL_ENABLE_DEBUG_INFO = INCLUDE_SOURCE;
				MTL_FAST_MATH = YES;
				ONLY_ACTIVE_ARCH = YES;
				SDKROOT = iphoneos;
				SWIFT_ACTIVE_COMPILATION_CONDITIONS = "DEBUG $(inherited)";
				SWIFT_OPTIMIZATION_LEVEL = "-Onone";
			};
			name = Debug;
		};
		043AA0842C0E3F2B0008E641 /* Release */ = {
			isa = XCBuildConfiguration;
			buildSettings = {
				ALWAYS_SEARCH_USER_PATHS = NO;
				ASSETCATALOG_COMPILER_GENERATE_SWIFT_ASSET_SYMBOL_EXTENSIONS = YES;
				CLANG_ANALYZER_NONNULL = YES;
				CLANG_ANALYZER_NUMBER_OBJECT_CONVERSION = YES_AGGRESSIVE;
				CLANG_CXX_LANGUAGE_STANDARD = "gnu++20";
				CLANG_ENABLE_MODULES = YES;
				CLANG_ENABLE_OBJC_ARC = YES;
				CLANG_ENABLE_OBJC_WEAK = YES;
				CLANG_WARN_BLOCK_CAPTURE_AUTORELEASING = YES;
				CLANG_WARN_BOOL_CONVERSION = YES;
				CLANG_WARN_COMMA = YES;
				CLANG_WARN_CONSTANT_CONVERSION = YES;
				CLANG_WARN_DEPRECATED_OBJC_IMPLEMENTATIONS = YES;
				CLANG_WARN_DIRECT_OBJC_ISA_USAGE = YES_ERROR;
				CLANG_WARN_DOCUMENTATION_COMMENTS = YES;
				CLANG_WARN_EMPTY_BODY = YES;
				CLANG_WARN_ENUM_CONVERSION = YES;
				CLANG_WARN_INFINITE_RECURSION = YES;
				CLANG_WARN_INT_CONVERSION = YES;
				CLANG_WARN_NON_LITERAL_NULL_CONVERSION = YES;
				CLANG_WARN_OBJC_IMPLICIT_RETAIN_SELF = YES;
				CLANG_WARN_OBJC_LITERAL_CONVERSION = YES;
				CLANG_WARN_OBJC_ROOT_CLASS = YES_ERROR;
				CLANG_WARN_QUOTED_INCLUDE_IN_FRAMEWORK_HEADER = YES;
				CLANG_WARN_RANGE_LOOP_ANALYSIS = YES;
				CLANG_WARN_STRICT_PROTOTYPES = YES;
				CLANG_WARN_SUSPICIOUS_MOVE = YES;
				CLANG_WARN_UNGUARDED_AVAILABILITY = YES_AGGRESSIVE;
				CLANG_WARN_UNREACHABLE_CODE = YES;
				CLANG_WARN__DUPLICATE_METHOD_MATCH = YES;
				COPY_PHASE_STRIP = NO;
				DEBUG_INFORMATION_FORMAT = "dwarf-with-dsym";
				ENABLE_NS_ASSERTIONS = NO;
				ENABLE_STRICT_OBJC_MSGSEND = YES;
				ENABLE_USER_SCRIPT_SANDBOXING = YES;
				GCC_C_LANGUAGE_STANDARD = gnu17;
				GCC_NO_COMMON_BLOCKS = YES;
				GCC_WARN_64_TO_32_BIT_CONVERSION = YES;
				GCC_WARN_ABOUT_RETURN_TYPE = YES_ERROR;
				GCC_WARN_UNDECLARED_SELECTOR = YES;
				GCC_WARN_UNINITIALIZED_AUTOS = YES_AGGRESSIVE;
				GCC_WARN_UNUSED_FUNCTION = YES;
				GCC_WARN_UNUSED_VARIABLE = YES;
				IPHONEOS_DEPLOYMENT_TARGET = 17.0;
				LOCALIZATION_PREFERS_STRING_CATALOGS = YES;
				MTL_ENABLE_DEBUG_INFO = NO;
				MTL_FAST_MATH = YES;
				SDKROOT = iphoneos;
				SWIFT_COMPILATION_MODE = wholemodule;
				VALIDATE_PRODUCT = YES;
			};
			name = Release;
		};
		043AA0862C0E3F2B0008E641 /* Debug */ = {
			isa = XCBuildConfiguration;
			buildSettings = {
				ASSETCATALOG_COMPILER_APPICON_NAME = AppIcon;
				ASSETCATALOG_COMPILER_GLOBAL_ACCENT_COLOR_NAME = AccentColor;
				CODE_SIGN_STYLE = Automatic;
				CURRENT_PROJECT_VERSION = 1;
				DEVELOPMENT_ASSET_PATHS = "\"NewsApp/Preview Content\"";
				DEVELOPMENT_TEAM = N3LRJV66ML;
				ENABLE_PREVIEWS = YES;
				GENERATE_INFOPLIST_FILE = YES;
				INFOPLIST_FILE = NewsApp/App/Info.plist;
				INFOPLIST_KEY_CFBundleDisplayName = Newsify;
				INFOPLIST_KEY_UIApplicationSceneManifest_Generation = YES;
				INFOPLIST_KEY_UIApplicationSupportsIndirectInputEvents = YES;
				INFOPLIST_KEY_UILaunchScreen_Generation = YES;
				INFOPLIST_KEY_UISupportedInterfaceOrientations = UIInterfaceOrientationPortrait;
				INFOPLIST_KEY_UIUserInterfaceStyle = Light;
				LD_RUNPATH_SEARCH_PATHS = (
					"$(inherited)",
					"@executable_path/Frameworks",
				);
				MARKETING_VERSION = 1.0;
				PRODUCT_BUNDLE_IDENTIFIER = anton.kurdo.newsify;
				PRODUCT_NAME = "$(TARGET_NAME)";
				SUPPORTED_PLATFORMS = "iphoneos iphonesimulator";
				SUPPORTS_MACCATALYST = NO;
				SUPPORTS_MAC_DESIGNED_FOR_IPHONE_IPAD = NO;
				SWIFT_EMIT_LOC_STRINGS = YES;
				SWIFT_VERSION = 5.0;
				TARGETED_DEVICE_FAMILY = "1,2";
			};
			name = Debug;
		};
		043AA0872C0E3F2B0008E641 /* Release */ = {
			isa = XCBuildConfiguration;
			buildSettings = {
				ASSETCATALOG_COMPILER_APPICON_NAME = AppIcon;
				ASSETCATALOG_COMPILER_GLOBAL_ACCENT_COLOR_NAME = AccentColor;
				CODE_SIGN_STYLE = Automatic;
				CURRENT_PROJECT_VERSION = 1;
				DEVELOPMENT_ASSET_PATHS = "\"NewsApp/Preview Content\"";
				DEVELOPMENT_TEAM = N3LRJV66ML;
				ENABLE_PREVIEWS = YES;
				GENERATE_INFOPLIST_FILE = YES;
				INFOPLIST_FILE = NewsApp/App/Info.plist;
				INFOPLIST_KEY_CFBundleDisplayName = Newsify;
				INFOPLIST_KEY_UIApplicationSceneManifest_Generation = YES;
				INFOPLIST_KEY_UIApplicationSupportsIndirectInputEvents = YES;
				INFOPLIST_KEY_UILaunchScreen_Generation = YES;
				INFOPLIST_KEY_UISupportedInterfaceOrientations = UIInterfaceOrientationPortrait;
				INFOPLIST_KEY_UIUserInterfaceStyle = Light;
				LD_RUNPATH_SEARCH_PATHS = (
					"$(inherited)",
					"@executable_path/Frameworks",
				);
				MARKETING_VERSION = 1.0;
				PRODUCT_BUNDLE_IDENTIFIER = anton.kurdo.newsify;
				PRODUCT_NAME = "$(TARGET_NAME)";
				SUPPORTED_PLATFORMS = "iphoneos iphonesimulator";
				SUPPORTS_MACCATALYST = NO;
				SUPPORTS_MAC_DESIGNED_FOR_IPHONE_IPAD = NO;
				SWIFT_EMIT_LOC_STRINGS = YES;
				SWIFT_VERSION = 5.0;
				TARGETED_DEVICE_FAMILY = "1,2";
			};
			name = Release;
		};
/* End XCBuildConfiguration section */

/* Begin XCConfigurationList section */
		043AA0722C0E3F290008E641 /* Build configuration list for PBXProject "NewsApp" */ = {
			isa = XCConfigurationList;
			buildConfigurations = (
				043AA0832C0E3F2B0008E641 /* Debug */,
				043AA0842C0E3F2B0008E641 /* Release */,
			);
			defaultConfigurationIsVisible = 0;
			defaultConfigurationName = Release;
		};
		043AA0852C0E3F2B0008E641 /* Build configuration list for PBXNativeTarget "NewsApp" */ = {
			isa = XCConfigurationList;
			buildConfigurations = (
				043AA0862C0E3F2B0008E641 /* Debug */,
				043AA0872C0E3F2B0008E641 /* Release */,
			);
			defaultConfigurationIsVisible = 0;
			defaultConfigurationName = Release;
		};
/* End XCConfigurationList section */

/* Begin XCRemoteSwiftPackageReference section */
		040161822C20991C00638BC5 /* XCRemoteSwiftPackageReference "GoogleSignIn-iOS" */ = {
			isa = XCRemoteSwiftPackageReference;
			repositoryURL = "https://github.com/google/GoogleSignIn-iOS";
			requirement = {
				kind = upToNextMajorVersion;
				minimumVersion = 7.1.0;
			};
		};
		04A521F62C1E108200FE8710 /* XCRemoteSwiftPackageReference "firebase-ios-sdk" */ = {
			isa = XCRemoteSwiftPackageReference;
			repositoryURL = "https://github.com/firebase/firebase-ios-sdk";
			requirement = {
				kind = upToNextMajorVersion;
				minimumVersion = 10.27.0;
			};
		};
/* End XCRemoteSwiftPackageReference section */

/* Begin XCSwiftPackageProductDependency section */
		040161832C20991C00638BC5 /* GoogleSignIn */ = {
			isa = XCSwiftPackageProductDependency;
			package = 040161822C20991C00638BC5 /* XCRemoteSwiftPackageReference "GoogleSignIn-iOS" */;
			productName = GoogleSignIn;
		};
		040161852C20991C00638BC5 /* GoogleSignInSwift */ = {
			isa = XCSwiftPackageProductDependency;
			package = 040161822C20991C00638BC5 /* XCRemoteSwiftPackageReference "GoogleSignIn-iOS" */;
			productName = GoogleSignInSwift;
		};
		04A521F72C1E108200FE8710 /* FirebaseAnalytics */ = {
			isa = XCSwiftPackageProductDependency;
			package = 04A521F62C1E108200FE8710 /* XCRemoteSwiftPackageReference "firebase-ios-sdk" */;
			productName = FirebaseAnalytics;
		};
		04A521F92C1E108200FE8710 /* FirebaseAnalyticsOnDeviceConversion */ = {
			isa = XCSwiftPackageProductDependency;
			package = 04A521F62C1E108200FE8710 /* XCRemoteSwiftPackageReference "firebase-ios-sdk" */;
			productName = FirebaseAnalyticsOnDeviceConversion;
		};
		04A521FB2C1E108200FE8710 /* FirebaseAnalyticsSwift */ = {
			isa = XCSwiftPackageProductDependency;
			package = 04A521F62C1E108200FE8710 /* XCRemoteSwiftPackageReference "firebase-ios-sdk" */;
			productName = FirebaseAnalyticsSwift;
		};
		04A521FD2C1E108200FE8710 /* FirebaseAnalyticsWithoutAdIdSupport */ = {
			isa = XCSwiftPackageProductDependency;
			package = 04A521F62C1E108200FE8710 /* XCRemoteSwiftPackageReference "firebase-ios-sdk" */;
			productName = FirebaseAnalyticsWithoutAdIdSupport;
		};
		04A521FF2C1E108200FE8710 /* FirebaseAppCheck */ = {
			isa = XCSwiftPackageProductDependency;
			package = 04A521F62C1E108200FE8710 /* XCRemoteSwiftPackageReference "firebase-ios-sdk" */;
			productName = FirebaseAppCheck;
		};
		04A522012C1E108200FE8710 /* FirebaseAppDistribution-Beta */ = {
			isa = XCSwiftPackageProductDependency;
			package = 04A521F62C1E108200FE8710 /* XCRemoteSwiftPackageReference "firebase-ios-sdk" */;
			productName = "FirebaseAppDistribution-Beta";
		};
		04A522032C1E108200FE8710 /* FirebaseAuth */ = {
			isa = XCSwiftPackageProductDependency;
			package = 04A521F62C1E108200FE8710 /* XCRemoteSwiftPackageReference "firebase-ios-sdk" */;
			productName = FirebaseAuth;
		};
		04A522052C1E108200FE8710 /* FirebaseAuthCombine-Community */ = {
			isa = XCSwiftPackageProductDependency;
			package = 04A521F62C1E108200FE8710 /* XCRemoteSwiftPackageReference "firebase-ios-sdk" */;
			productName = "FirebaseAuthCombine-Community";
		};
		04A522072C1E108200FE8710 /* FirebaseCrashlytics */ = {
			isa = XCSwiftPackageProductDependency;
			package = 04A521F62C1E108200FE8710 /* XCRemoteSwiftPackageReference "firebase-ios-sdk" */;
			productName = FirebaseCrashlytics;
		};
		04A522092C1E108200FE8710 /* FirebaseDatabase */ = {
			isa = XCSwiftPackageProductDependency;
			package = 04A521F62C1E108200FE8710 /* XCRemoteSwiftPackageReference "firebase-ios-sdk" */;
			productName = FirebaseDatabase;
		};
		04A5220B2C1E108200FE8710 /* FirebaseDatabaseSwift */ = {
			isa = XCSwiftPackageProductDependency;
			package = 04A521F62C1E108200FE8710 /* XCRemoteSwiftPackageReference "firebase-ios-sdk" */;
			productName = FirebaseDatabaseSwift;
		};
		04A5220D2C1E108200FE8710 /* FirebaseDynamicLinks */ = {
			isa = XCSwiftPackageProductDependency;
			package = 04A521F62C1E108200FE8710 /* XCRemoteSwiftPackageReference "firebase-ios-sdk" */;
			productName = FirebaseDynamicLinks;
		};
		04A5220F2C1E108200FE8710 /* FirebaseFirestore */ = {
			isa = XCSwiftPackageProductDependency;
			package = 04A521F62C1E108200FE8710 /* XCRemoteSwiftPackageReference "firebase-ios-sdk" */;
			productName = FirebaseFirestore;
		};
		04A522112C1E108200FE8710 /* FirebaseFirestoreCombine-Community */ = {
			isa = XCSwiftPackageProductDependency;
			package = 04A521F62C1E108200FE8710 /* XCRemoteSwiftPackageReference "firebase-ios-sdk" */;
			productName = "FirebaseFirestoreCombine-Community";
		};
		04A522132C1E108200FE8710 /* FirebaseFirestoreSwift */ = {
			isa = XCSwiftPackageProductDependency;
			package = 04A521F62C1E108200FE8710 /* XCRemoteSwiftPackageReference "firebase-ios-sdk" */;
			productName = FirebaseFirestoreSwift;
		};
		04A522152C1E108200FE8710 /* FirebaseFunctions */ = {
			isa = XCSwiftPackageProductDependency;
			package = 04A521F62C1E108200FE8710 /* XCRemoteSwiftPackageReference "firebase-ios-sdk" */;
			productName = FirebaseFunctions;
		};
		04A522172C1E108200FE8710 /* FirebaseFunctionsCombine-Community */ = {
			isa = XCSwiftPackageProductDependency;
			package = 04A521F62C1E108200FE8710 /* XCRemoteSwiftPackageReference "firebase-ios-sdk" */;
			productName = "FirebaseFunctionsCombine-Community";
		};
		04A522192C1E108200FE8710 /* FirebaseInAppMessaging-Beta */ = {
			isa = XCSwiftPackageProductDependency;
			package = 04A521F62C1E108200FE8710 /* XCRemoteSwiftPackageReference "firebase-ios-sdk" */;
			productName = "FirebaseInAppMessaging-Beta";
		};
		04A5221B2C1E108200FE8710 /* FirebaseInAppMessagingSwift-Beta */ = {
			isa = XCSwiftPackageProductDependency;
			package = 04A521F62C1E108200FE8710 /* XCRemoteSwiftPackageReference "firebase-ios-sdk" */;
			productName = "FirebaseInAppMessagingSwift-Beta";
		};
		04A5221D2C1E108200FE8710 /* FirebaseInstallations */ = {
			isa = XCSwiftPackageProductDependency;
			package = 04A521F62C1E108200FE8710 /* XCRemoteSwiftPackageReference "firebase-ios-sdk" */;
			productName = FirebaseInstallations;
		};
		04A5221F2C1E108200FE8710 /* FirebaseMLModelDownloader */ = {
			isa = XCSwiftPackageProductDependency;
			package = 04A521F62C1E108200FE8710 /* XCRemoteSwiftPackageReference "firebase-ios-sdk" */;
			productName = FirebaseMLModelDownloader;
		};
		04A522212C1E108200FE8710 /* FirebaseMessaging */ = {
			isa = XCSwiftPackageProductDependency;
			package = 04A521F62C1E108200FE8710 /* XCRemoteSwiftPackageReference "firebase-ios-sdk" */;
			productName = FirebaseMessaging;
		};
		04A522232C1E108200FE8710 /* FirebasePerformance */ = {
			isa = XCSwiftPackageProductDependency;
			package = 04A521F62C1E108200FE8710 /* XCRemoteSwiftPackageReference "firebase-ios-sdk" */;
			productName = FirebasePerformance;
		};
		04A522252C1E108200FE8710 /* FirebaseRemoteConfig */ = {
			isa = XCSwiftPackageProductDependency;
			package = 04A521F62C1E108200FE8710 /* XCRemoteSwiftPackageReference "firebase-ios-sdk" */;
			productName = FirebaseRemoteConfig;
		};
		04A522272C1E108200FE8710 /* FirebaseRemoteConfigSwift */ = {
			isa = XCSwiftPackageProductDependency;
			package = 04A521F62C1E108200FE8710 /* XCRemoteSwiftPackageReference "firebase-ios-sdk" */;
			productName = FirebaseRemoteConfigSwift;
		};
		04A522292C1E108200FE8710 /* FirebaseStorage */ = {
			isa = XCSwiftPackageProductDependency;
			package = 04A521F62C1E108200FE8710 /* XCRemoteSwiftPackageReference "firebase-ios-sdk" */;
			productName = FirebaseStorage;
		};
		04A5222B2C1E108200FE8710 /* FirebaseStorageCombine-Community */ = {
			isa = XCSwiftPackageProductDependency;
			package = 04A521F62C1E108200FE8710 /* XCRemoteSwiftPackageReference "firebase-ios-sdk" */;
			productName = "FirebaseStorageCombine-Community";
		};
		04A5222D2C1E108200FE8710 /* FirebaseVertexAI-Preview */ = {
			isa = XCSwiftPackageProductDependency;
			package = 04A521F62C1E108200FE8710 /* XCRemoteSwiftPackageReference "firebase-ios-sdk" */;
			productName = "FirebaseVertexAI-Preview";
		};
		04B4DF1A2C1F136A00EA41C7 /* FirebaseAnalytics */ = {
			isa = XCSwiftPackageProductDependency;
			package = 04A521F62C1E108200FE8710 /* XCRemoteSwiftPackageReference "firebase-ios-sdk" */;
			productName = FirebaseAnalytics;
		};
		04B4DF1C2C1F136A00EA41C7 /* FirebaseAnalyticsOnDeviceConversion */ = {
			isa = XCSwiftPackageProductDependency;
			package = 04A521F62C1E108200FE8710 /* XCRemoteSwiftPackageReference "firebase-ios-sdk" */;
			productName = FirebaseAnalyticsOnDeviceConversion;
		};
		04B4DF1E2C1F136A00EA41C7 /* FirebaseAnalyticsSwift */ = {
			isa = XCSwiftPackageProductDependency;
			package = 04A521F62C1E108200FE8710 /* XCRemoteSwiftPackageReference "firebase-ios-sdk" */;
			productName = FirebaseAnalyticsSwift;
		};
		04B4DF202C1F136A00EA41C7 /* FirebaseAnalyticsWithoutAdIdSupport */ = {
			isa = XCSwiftPackageProductDependency;
			package = 04A521F62C1E108200FE8710 /* XCRemoteSwiftPackageReference "firebase-ios-sdk" */;
			productName = FirebaseAnalyticsWithoutAdIdSupport;
		};
		04B4DF222C1F136A00EA41C7 /* FirebaseAppCheck */ = {
			isa = XCSwiftPackageProductDependency;
			package = 04A521F62C1E108200FE8710 /* XCRemoteSwiftPackageReference "firebase-ios-sdk" */;
			productName = FirebaseAppCheck;
		};
		04B4DF242C1F139200EA41C7 /* FirebaseAnalytics */ = {
			isa = XCSwiftPackageProductDependency;
			package = 04A521F62C1E108200FE8710 /* XCRemoteSwiftPackageReference "firebase-ios-sdk" */;
			productName = FirebaseAnalytics;
		};
		04B4DF262C1F139200EA41C7 /* FirebaseAnalyticsOnDeviceConversion */ = {
			isa = XCSwiftPackageProductDependency;
			package = 04A521F62C1E108200FE8710 /* XCRemoteSwiftPackageReference "firebase-ios-sdk" */;
			productName = FirebaseAnalyticsOnDeviceConversion;
		};
		04B4DF282C1F139200EA41C7 /* FirebaseAnalyticsSwift */ = {
			isa = XCSwiftPackageProductDependency;
			package = 04A521F62C1E108200FE8710 /* XCRemoteSwiftPackageReference "firebase-ios-sdk" */;
			productName = FirebaseAnalyticsSwift;
		};
		04B4DF2A2C1F139200EA41C7 /* FirebaseAnalyticsWithoutAdIdSupport */ = {
			isa = XCSwiftPackageProductDependency;
			package = 04A521F62C1E108200FE8710 /* XCRemoteSwiftPackageReference "firebase-ios-sdk" */;
			productName = FirebaseAnalyticsWithoutAdIdSupport;
		};
		04B4DF2C2C1F139200EA41C7 /* FirebaseAppCheck */ = {
			isa = XCSwiftPackageProductDependency;
			package = 04A521F62C1E108200FE8710 /* XCRemoteSwiftPackageReference "firebase-ios-sdk" */;
			productName = FirebaseAppCheck;
		};
		04B4DF2E2C1F139200EA41C7 /* FirebaseAppDistribution-Beta */ = {
			isa = XCSwiftPackageProductDependency;
			package = 04A521F62C1E108200FE8710 /* XCRemoteSwiftPackageReference "firebase-ios-sdk" */;
			productName = "FirebaseAppDistribution-Beta";
		};
		04B4DF302C1F139200EA41C7 /* FirebaseAuth */ = {
			isa = XCSwiftPackageProductDependency;
			package = 04A521F62C1E108200FE8710 /* XCRemoteSwiftPackageReference "firebase-ios-sdk" */;
			productName = FirebaseAuth;
		};
		04B4DF322C1F139200EA41C7 /* FirebaseAuthCombine-Community */ = {
			isa = XCSwiftPackageProductDependency;
			package = 04A521F62C1E108200FE8710 /* XCRemoteSwiftPackageReference "firebase-ios-sdk" */;
			productName = "FirebaseAuthCombine-Community";
		};
		04B4DF342C1F139200EA41C7 /* FirebaseCrashlytics */ = {
			isa = XCSwiftPackageProductDependency;
			package = 04A521F62C1E108200FE8710 /* XCRemoteSwiftPackageReference "firebase-ios-sdk" */;
			productName = FirebaseCrashlytics;
		};
		04B4DF362C1F139200EA41C7 /* FirebaseDatabase */ = {
			isa = XCSwiftPackageProductDependency;
			package = 04A521F62C1E108200FE8710 /* XCRemoteSwiftPackageReference "firebase-ios-sdk" */;
			productName = FirebaseDatabase;
		};
		04B4DF382C1F139200EA41C7 /* FirebaseDatabaseSwift */ = {
			isa = XCSwiftPackageProductDependency;
			package = 04A521F62C1E108200FE8710 /* XCRemoteSwiftPackageReference "firebase-ios-sdk" */;
			productName = FirebaseDatabaseSwift;
		};
		04B4DF3A2C1F139200EA41C7 /* FirebaseDynamicLinks */ = {
			isa = XCSwiftPackageProductDependency;
			package = 04A521F62C1E108200FE8710 /* XCRemoteSwiftPackageReference "firebase-ios-sdk" */;
			productName = FirebaseDynamicLinks;
		};
		04B4DF3C2C1F139200EA41C7 /* FirebaseFirestore */ = {
			isa = XCSwiftPackageProductDependency;
			package = 04A521F62C1E108200FE8710 /* XCRemoteSwiftPackageReference "firebase-ios-sdk" */;
			productName = FirebaseFirestore;
		};
		04B4DF3E2C1F139200EA41C7 /* FirebaseFirestoreCombine-Community */ = {
			isa = XCSwiftPackageProductDependency;
			package = 04A521F62C1E108200FE8710 /* XCRemoteSwiftPackageReference "firebase-ios-sdk" */;
			productName = "FirebaseFirestoreCombine-Community";
		};
		04B4DF402C1F139200EA41C7 /* FirebaseFirestoreSwift */ = {
			isa = XCSwiftPackageProductDependency;
			package = 04A521F62C1E108200FE8710 /* XCRemoteSwiftPackageReference "firebase-ios-sdk" */;
			productName = FirebaseFirestoreSwift;
		};
		04B4DF422C1F139200EA41C7 /* FirebaseFunctions */ = {
			isa = XCSwiftPackageProductDependency;
			package = 04A521F62C1E108200FE8710 /* XCRemoteSwiftPackageReference "firebase-ios-sdk" */;
			productName = FirebaseFunctions;
		};
		04B4DF442C1F139200EA41C7 /* FirebasePerformance */ = {
			isa = XCSwiftPackageProductDependency;
			package = 04A521F62C1E108200FE8710 /* XCRemoteSwiftPackageReference "firebase-ios-sdk" */;
			productName = FirebasePerformance;
		};
		04B4DF462C1F139200EA41C7 /* FirebaseRemoteConfig */ = {
			isa = XCSwiftPackageProductDependency;
			package = 04A521F62C1E108200FE8710 /* XCRemoteSwiftPackageReference "firebase-ios-sdk" */;
			productName = FirebaseRemoteConfig;
		};
		04B4DF482C1F139200EA41C7 /* FirebaseRemoteConfigSwift */ = {
			isa = XCSwiftPackageProductDependency;
			package = 04A521F62C1E108200FE8710 /* XCRemoteSwiftPackageReference "firebase-ios-sdk" */;
			productName = FirebaseRemoteConfigSwift;
		};
		04B4DF4A2C1F139200EA41C7 /* FirebaseStorage */ = {
			isa = XCSwiftPackageProductDependency;
			package = 04A521F62C1E108200FE8710 /* XCRemoteSwiftPackageReference "firebase-ios-sdk" */;
			productName = FirebaseStorage;
		};
		04B4DF4C2C1F139200EA41C7 /* FirebaseStorageCombine-Community */ = {
			isa = XCSwiftPackageProductDependency;
			package = 04A521F62C1E108200FE8710 /* XCRemoteSwiftPackageReference "firebase-ios-sdk" */;
			productName = "FirebaseStorageCombine-Community";
		};
		04B4DF4E2C1F139200EA41C7 /* FirebaseVertexAI-Preview */ = {
			isa = XCSwiftPackageProductDependency;
			package = 04A521F62C1E108200FE8710 /* XCRemoteSwiftPackageReference "firebase-ios-sdk" */;
			productName = "FirebaseVertexAI-Preview";
		};
/* End XCSwiftPackageProductDependency section */
	};
	rootObject = 043AA06F2C0E3F290008E641 /* Project object */;
}
